// !$*UTF8*$!
{
	archiveVersion = 1;
	classes = {
	};
	objectVersion = 56;
	objects = {

/* Begin PBXBuildFile section */
		25615C742C69368300C4C113 /* RegistrationView.swift in Sources */ = {isa = PBXBuildFile; fileRef = 25615C732C69368300C4C113 /* RegistrationView.swift */; };
		25615C7E2C6A6BAF00C4C113 /* Book.swift in Sources */ = {isa = PBXBuildFile; fileRef = 25615C7D2C6A6BAF00C4C113 /* Book.swift */; };
		25615C822C6B450400C4C113 /* LibraryView.swift in Sources */ = {isa = PBXBuildFile; fileRef = 25615C812C6B450400C4C113 /* LibraryView.swift */; };
		25615C842C6B573200C4C113 /* LoginFieldsView.swift in Sources */ = {isa = PBXBuildFile; fileRef = 25615C832C6B573200C4C113 /* LoginFieldsView.swift */; };
		25615C862C6B932100C4C113 /* BookRow.swift in Sources */ = {isa = PBXBuildFile; fileRef = 25615C852C6B932100C4C113 /* BookRow.swift */; };
		25615C882C6B938100C4C113 /* SearchBar.swift in Sources */ = {isa = PBXBuildFile; fileRef = 25615C872C6B938100C4C113 /* SearchBar.swift */; };
		25615C8A2C6B966700C4C113 /* BookDescriptionView.swift in Sources */ = {isa = PBXBuildFile; fileRef = 25615C892C6B966700C4C113 /* BookDescriptionView.swift */; };
		25615C8C2C6B96F700C4C113 /* BookGoogleAPI.swift in Sources */ = {isa = PBXBuildFile; fileRef = 25615C8B2C6B96F700C4C113 /* BookGoogleAPI.swift */; };
		25615C8E2C6C11F400C4C113 /* CartView.swift in Sources */ = {isa = PBXBuildFile; fileRef = 25615C8D2C6C11F400C4C113 /* CartView.swift */; };
		25615C922C6C14F700C4C113 /* TabScreen.swift in Sources */ = {isa = PBXBuildFile; fileRef = 25615C912C6C14F700C4C113 /* TabScreen.swift */; };
		259BE54C2C78DEF900D007C7 /* CartManager.swift in Sources */ = {isa = PBXBuildFile; fileRef = 259BE54B2C78DEF900D007C7 /* CartManager.swift */; };
		259BE5502C78EC2D00D007C7 /* NotificationsView.swift in Sources */ = {isa = PBXBuildFile; fileRef = 259BE54F2C78EC2D00D007C7 /* NotificationsView.swift */; };
		259BE5522C78F04200D007C7 /* Notifications.swift in Sources */ = {isa = PBXBuildFile; fileRef = 259BE5512C78F04200D007C7 /* Notifications.swift */; };
		259BE5542C79432400D007C7 /* LoansView.swift in Sources */ = {isa = PBXBuildFile; fileRef = 259BE5532C79432400D007C7 /* LoansView.swift */; };
		259BE5562C79D21700D007C7 /* Loan.swift in Sources */ = {isa = PBXBuildFile; fileRef = 259BE5552C79D21700D007C7 /* Loan.swift */; };
		259BE5592C79D2C000D007C7 /* LoanRow.swift in Sources */ = {isa = PBXBuildFile; fileRef = 259BE5582C79D2C000D007C7 /* LoanRow.swift */; };
		259BE55B2C79D35700D007C7 /* NotificationRow.swift in Sources */ = {isa = PBXBuildFile; fileRef = 259BE55A2C79D35700D007C7 /* NotificationRow.swift */; };
		259BE55E2C79D4C200D007C7 /* CartRow.swift in Sources */ = {isa = PBXBuildFile; fileRef = 259BE55D2C79D4C200D007C7 /* CartRow.swift */; };
		25E687C52C68C28900D91658 /* Lso_ClientApp.swift in Sources */ = {isa = PBXBuildFile; fileRef = 25E687C42C68C28900D91658 /* Lso_ClientApp.swift */; };
		25E687C72C68C28900D91658 /* LoginView.swift in Sources */ = {isa = PBXBuildFile; fileRef = 25E687C62C68C28900D91658 /* LoginView.swift */; };
		25E687C92C68C29400D91658 /* Assets.xcassets in Resources */ = {isa = PBXBuildFile; fileRef = 25E687C82C68C29400D91658 /* Assets.xcassets */; };
		25E687CD2C68C29400D91658 /* Preview Assets.xcassets in Resources */ = {isa = PBXBuildFile; fileRef = 25E687CC2C68C29400D91658 /* Preview Assets.xcassets */; };
		25E687D42C68C2AD00D91658 /* NetworkManager.swift in Sources */ = {isa = PBXBuildFile; fileRef = 25E687D32C68C2AD00D91658 /* NetworkManager.swift */; };
/* End PBXBuildFile section */

/* Begin PBXFileReference section */
		25615C732C69368300C4C113 /* RegistrationView.swift */ = {isa = PBXFileReference; lastKnownFileType = sourcecode.swift; path = RegistrationView.swift; sourceTree = "<group>"; };
		25615C7D2C6A6BAF00C4C113 /* Book.swift */ = {isa = PBXFileReference; lastKnownFileType = sourcecode.swift; path = Book.swift; sourceTree = "<group>"; };
		25615C812C6B450400C4C113 /* LibraryView.swift */ = {isa = PBXFileReference; lastKnownFileType = sourcecode.swift; path = LibraryView.swift; sourceTree = "<group>"; };
		25615C832C6B573200C4C113 /* LoginFieldsView.swift */ = {isa = PBXFileReference; lastKnownFileType = sourcecode.swift; path = LoginFieldsView.swift; sourceTree = "<group>"; };
		25615C852C6B932100C4C113 /* BookRow.swift */ = {isa = PBXFileReference; lastKnownFileType = sourcecode.swift; path = BookRow.swift; sourceTree = "<group>"; };
		25615C872C6B938100C4C113 /* SearchBar.swift */ = {isa = PBXFileReference; lastKnownFileType = sourcecode.swift; path = SearchBar.swift; sourceTree = "<group>"; };
		25615C892C6B966700C4C113 /* BookDescriptionView.swift */ = {isa = PBXFileReference; lastKnownFileType = sourcecode.swift; path = BookDescriptionView.swift; sourceTree = "<group>"; };
		25615C8B2C6B96F700C4C113 /* BookGoogleAPI.swift */ = {isa = PBXFileReference; lastKnownFileType = sourcecode.swift; path = BookGoogleAPI.swift; sourceTree = "<group>"; };
		25615C8D2C6C11F400C4C113 /* CartView.swift */ = {isa = PBXFileReference; lastKnownFileType = sourcecode.swift; path = CartView.swift; sourceTree = "<group>"; };
		25615C912C6C14F700C4C113 /* TabScreen.swift */ = {isa = PBXFileReference; lastKnownFileType = sourcecode.swift; path = TabScreen.swift; sourceTree = "<group>"; };
		259BE54B2C78DEF900D007C7 /* CartManager.swift */ = {isa = PBXFileReference; lastKnownFileType = sourcecode.swift; path = CartManager.swift; sourceTree = "<group>"; };
		259BE54F2C78EC2D00D007C7 /* NotificationsView.swift */ = {isa = PBXFileReference; lastKnownFileType = sourcecode.swift; path = NotificationsView.swift; sourceTree = "<group>"; };
		259BE5512C78F04200D007C7 /* Notifications.swift */ = {isa = PBXFileReference; lastKnownFileType = sourcecode.swift; path = Notifications.swift; sourceTree = "<group>"; };
		259BE5532C79432400D007C7 /* LoansView.swift */ = {isa = PBXFileReference; lastKnownFileType = sourcecode.swift; path = LoansView.swift; sourceTree = "<group>"; };
		259BE5552C79D21700D007C7 /* Loan.swift */ = {isa = PBXFileReference; lastKnownFileType = sourcecode.swift; path = Loan.swift; sourceTree = "<group>"; };
		259BE5582C79D2C000D007C7 /* LoanRow.swift */ = {isa = PBXFileReference; lastKnownFileType = sourcecode.swift; path = LoanRow.swift; sourceTree = "<group>"; };
		259BE55A2C79D35700D007C7 /* NotificationRow.swift */ = {isa = PBXFileReference; lastKnownFileType = sourcecode.swift; path = NotificationRow.swift; sourceTree = "<group>"; };
		259BE55D2C79D4C200D007C7 /* CartRow.swift */ = {isa = PBXFileReference; lastKnownFileType = sourcecode.swift; path = CartRow.swift; sourceTree = "<group>"; };
		25E687C12C68C28900D91658 /* Lso_Client.app */ = {isa = PBXFileReference; explicitFileType = wrapper.application; includeInIndex = 0; path = Lso_Client.app; sourceTree = BUILT_PRODUCTS_DIR; };
		25E687C42C68C28900D91658 /* Lso_ClientApp.swift */ = {isa = PBXFileReference; lastKnownFileType = sourcecode.swift; path = Lso_ClientApp.swift; sourceTree = "<group>"; };
		25E687C62C68C28900D91658 /* LoginView.swift */ = {isa = PBXFileReference; lastKnownFileType = sourcecode.swift; path = LoginView.swift; sourceTree = "<group>"; };
		25E687C82C68C29400D91658 /* Assets.xcassets */ = {isa = PBXFileReference; lastKnownFileType = folder.assetcatalog; path = Assets.xcassets; sourceTree = "<group>"; };
		25E687CA2C68C29400D91658 /* Lso_Client.entitlements */ = {isa = PBXFileReference; lastKnownFileType = text.plist.entitlements; path = Lso_Client.entitlements; sourceTree = "<group>"; };
		25E687CC2C68C29400D91658 /* Preview Assets.xcassets */ = {isa = PBXFileReference; lastKnownFileType = folder.assetcatalog; path = "Preview Assets.xcassets"; sourceTree = "<group>"; };
		25E687D32C68C2AD00D91658 /* NetworkManager.swift */ = {isa = PBXFileReference; lastKnownFileType = sourcecode.swift; path = NetworkManager.swift; sourceTree = "<group>"; };
/* End PBXFileReference section */

/* Begin PBXFrameworksBuildPhase section */
		25E687BE2C68C28900D91658 /* Frameworks */ = {
			isa = PBXFrameworksBuildPhase;
			buildActionMask = 2147483647;
			files = (
			);
			runOnlyForDeploymentPostprocessing = 0;
		};
/* End PBXFrameworksBuildPhase section */

/* Begin PBXGroup section */
		259BE5462C789FD300D007C7 /* Views */ = {
			isa = PBXGroup;
			children = (
				25615C892C6B966700C4C113 /* BookDescriptionView.swift */,
				259BE55F2C79D62800D007C7 /* Cart */,
				259BE5482C78A01400D007C7 /* Library */,
				259BE5572C79D26F00D007C7 /* Loans */,
				259BE5472C789FE800D007C7 /* Login */,
				259BE55C2C79D3CB00D007C7 /* Notification */,
				25615C732C69368300C4C113 /* RegistrationView.swift */,
				25615C912C6C14F700C4C113 /* TabScreen.swift */,
			);
			path = Views;
			sourceTree = "<group>";
		};
		259BE5472C789FE800D007C7 /* Login */ = {
			isa = PBXGroup;
			children = (
				25E687C62C68C28900D91658 /* LoginView.swift */,
				25615C832C6B573200C4C113 /* LoginFieldsView.swift */,
			);
			path = Login;
			sourceTree = "<group>";
		};
		259BE5482C78A01400D007C7 /* Library */ = {
			isa = PBXGroup;
			children = (
				25615C812C6B450400C4C113 /* LibraryView.swift */,
				25615C852C6B932100C4C113 /* BookRow.swift */,
				25615C872C6B938100C4C113 /* SearchBar.swift */,
			);
			path = Library;
			sourceTree = "<group>";
		};
		259BE5492C78A04F00D007C7 /* Model */ = {
			isa = PBXGroup;
			children = (
				25615C8B2C6B96F700C4C113 /* BookGoogleAPI.swift */,
				25615C7D2C6A6BAF00C4C113 /* Book.swift */,
				259BE54B2C78DEF900D007C7 /* CartManager.swift */,
				259BE5512C78F04200D007C7 /* Notifications.swift */,
				259BE5552C79D21700D007C7 /* Loan.swift */,
			);
			path = Model;
			sourceTree = "<group>";
		};
		259BE54A2C78A08400D007C7 /* ModelView */ = {
			isa = PBXGroup;
			children = (
				25E687D32C68C2AD00D91658 /* NetworkManager.swift */,
			);
			path = ModelView;
			sourceTree = "<group>";
		};
		259BE5572C79D26F00D007C7 /* Loans */ = {
			isa = PBXGroup;
			children = (
				259BE5532C79432400D007C7 /* LoansView.swift */,
				259BE5582C79D2C000D007C7 /* LoanRow.swift */,
			);
			path = Loans;
			sourceTree = "<group>";
		};
		259BE55C2C79D3CB00D007C7 /* Notification */ = {
			isa = PBXGroup;
			children = (
				259BE54F2C78EC2D00D007C7 /* NotificationsView.swift */,
				259BE55A2C79D35700D007C7 /* NotificationRow.swift */,
			);
			path = Notification;
			sourceTree = "<group>";
		};
		259BE55F2C79D62800D007C7 /* Cart */ = {
			isa = PBXGroup;
			children = (
				25615C8D2C6C11F400C4C113 /* CartView.swift */,
				259BE55D2C79D4C200D007C7 /* CartRow.swift */,
			);
			path = Cart;
			sourceTree = "<group>";
		};
		25E687B82C68C28900D91658 = {
			isa = PBXGroup;
			children = (
				25E687C32C68C28900D91658 /* Lso_Client */,
				25E687C22C68C28900D91658 /* Products */,
			);
			sourceTree = "<group>";
		};
		25E687C22C68C28900D91658 /* Products */ = {
			isa = PBXGroup;
			children = (
				25E687C12C68C28900D91658 /* Lso_Client.app */,
			);
			name = Products;
			sourceTree = "<group>";
		};
		25E687C32C68C28900D91658 /* Lso_Client */ = {
			isa = PBXGroup;
			children = (
				259BE54A2C78A08400D007C7 /* ModelView */,
				259BE5492C78A04F00D007C7 /* Model */,
				259BE5462C789FD300D007C7 /* Views */,
				25E687C42C68C28900D91658 /* Lso_ClientApp.swift */,
				25E687C82C68C29400D91658 /* Assets.xcassets */,
				25E687CA2C68C29400D91658 /* Lso_Client.entitlements */,
				25E687CB2C68C29400D91658 /* Preview Content */,
			);
			path = Lso_Client;
			sourceTree = "<group>";
		};
		25E687CB2C68C29400D91658 /* Preview Content */ = {
			isa = PBXGroup;
			children = (
				25E687CC2C68C29400D91658 /* Preview Assets.xcassets */,
			);
			path = "Preview Content";
			sourceTree = "<group>";
		};
/* End PBXGroup section */

/* Begin PBXNativeTarget section */
		25E687C02C68C28900D91658 /* Lso_Client */ = {
			isa = PBXNativeTarget;
			buildConfigurationList = 25E687D02C68C29400D91658 /* Build configuration list for PBXNativeTarget "Lso_Client" */;
			buildPhases = (
				25E687BD2C68C28900D91658 /* Sources */,
				25E687BE2C68C28900D91658 /* Frameworks */,
				25E687BF2C68C28900D91658 /* Resources */,
			);
			buildRules = (
			);
			dependencies = (
			);
			name = Lso_Client;
			productName = Lso_Client;
			productReference = 25E687C12C68C28900D91658 /* Lso_Client.app */;
			productType = "com.apple.product-type.application";
		};
/* End PBXNativeTarget section */

/* Begin PBXProject section */
		25E687B92C68C28900D91658 /* Project object */ = {
			isa = PBXProject;
			attributes = {
				BuildIndependentTargetsInParallel = 1;
				LastSwiftUpdateCheck = 1540;
				LastUpgradeCheck = 1540;
				TargetAttributes = {
					25E687C02C68C28900D91658 = {
						CreatedOnToolsVersion = 15.4;
					};
				};
			};
			buildConfigurationList = 25E687BC2C68C28900D91658 /* Build configuration list for PBXProject "Lso_Client" */;
			compatibilityVersion = "Xcode 14.0";
			developmentRegion = en;
			hasScannedForEncodings = 0;
			knownRegions = (
				en,
				Base,
			);
			mainGroup = 25E687B82C68C28900D91658;
			productRefGroup = 25E687C22C68C28900D91658 /* Products */;
			projectDirPath = "";
			projectRoot = "";
			targets = (
				25E687C02C68C28900D91658 /* Lso_Client */,
			);
		};
/* End PBXProject section */

/* Begin PBXResourcesBuildPhase section */
		25E687BF2C68C28900D91658 /* Resources */ = {
			isa = PBXResourcesBuildPhase;
			buildActionMask = 2147483647;
			files = (
				25E687CD2C68C29400D91658 /* Preview Assets.xcassets in Resources */,
				25E687C92C68C29400D91658 /* Assets.xcassets in Resources */,
			);
			runOnlyForDeploymentPostprocessing = 0;
		};
/* End PBXResourcesBuildPhase section */

/* Begin PBXSourcesBuildPhase section */
		25E687BD2C68C28900D91658 /* Sources */ = {
			isa = PBXSourcesBuildPhase;
			buildActionMask = 2147483647;
			files = (
				25E687C72C68C28900D91658 /* LoginView.swift in Sources */,
				259BE5592C79D2C000D007C7 /* LoanRow.swift in Sources */,
				25615C842C6B573200C4C113 /* LoginFieldsView.swift in Sources */,
				25615C8E2C6C11F400C4C113 /* CartView.swift in Sources */,
				25615C742C69368300C4C113 /* RegistrationView.swift in Sources */,
				25615C862C6B932100C4C113 /* BookRow.swift in Sources */,
				25615C8A2C6B966700C4C113 /* BookDescriptionView.swift in Sources */,
				25615C7E2C6A6BAF00C4C113 /* Book.swift in Sources */,
				25615C882C6B938100C4C113 /* SearchBar.swift in Sources */,
				259BE5522C78F04200D007C7 /* Notifications.swift in Sources */,
				259BE5542C79432400D007C7 /* LoansView.swift in Sources */,
				25615C922C6C14F700C4C113 /* TabScreen.swift in Sources */,
				259BE54C2C78DEF900D007C7 /* CartManager.swift in Sources */,
				259BE55E2C79D4C200D007C7 /* CartRow.swift in Sources */,
				25615C822C6B450400C4C113 /* LibraryView.swift in Sources */,
				259BE5562C79D21700D007C7 /* Loan.swift in Sources */,
				259BE55B2C79D35700D007C7 /* NotificationRow.swift in Sources */,
				259BE5502C78EC2D00D007C7 /* NotificationsView.swift in Sources */,
				25615C8C2C6B96F700C4C113 /* BookGoogleAPI.swift in Sources */,
				25E687D42C68C2AD00D91658 /* NetworkManager.swift in Sources */,
				25E687C52C68C28900D91658 /* Lso_ClientApp.swift in Sources */,
			);
			runOnlyForDeploymentPostprocessing = 0;
		};
/* End PBXSourcesBuildPhase section */

/* Begin XCBuildConfiguration section */
		25E687CE2C68C29400D91658 /* Debug */ = {
			isa = XCBuildConfiguration;
			buildSettings = {
				ALWAYS_SEARCH_USER_PATHS = NO;
				ASSETCATALOG_COMPILER_GENERATE_SWIFT_ASSET_SYMBOL_EXTENSIONS = YES;
				CLANG_ANALYZER_NONNULL = YES;
				CLANG_ANALYZER_NUMBER_OBJECT_CONVERSION = YES_AGGRESSIVE;
				CLANG_CXX_LANGUAGE_STANDARD = "gnu++20";
				CLANG_ENABLE_MODULES = YES;
				CLANG_ENABLE_OBJC_ARC = YES;
				CLANG_ENABLE_OBJC_WEAK = YES;
				CLANG_WARN_BLOCK_CAPTURE_AUTORELEASING = YES;
				CLANG_WARN_BOOL_CONVERSION = YES;
				CLANG_WARN_COMMA = YES;
				CLANG_WARN_CONSTANT_CONVERSION = YES;
				CLANG_WARN_DEPRECATED_OBJC_IMPLEMENTATIONS = YES;
				CLANG_WARN_DIRECT_OBJC_ISA_USAGE = YES_ERROR;
				CLANG_WARN_DOCUMENTATION_COMMENTS = YES;
				CLANG_WARN_EMPTY_BODY = YES;
				CLANG_WARN_ENUM_CONVERSION = YES;
				CLANG_WARN_INFINITE_RECURSION = YES;
				CLANG_WARN_INT_CONVERSION = YES;
				CLANG_WARN_NON_LITERAL_NULL_CONVERSION = YES;
				CLANG_WARN_OBJC_IMPLICIT_RETAIN_SELF = YES;
				CLANG_WARN_OBJC_LITERAL_CONVERSION = YES;
				CLANG_WARN_OBJC_ROOT_CLASS = YES_ERROR;
				CLANG_WARN_QUOTED_INCLUDE_IN_FRAMEWORK_HEADER = YES;
				CLANG_WARN_RANGE_LOOP_ANALYSIS = YES;
				CLANG_WARN_STRICT_PROTOTYPES = YES;
				CLANG_WARN_SUSPICIOUS_MOVE = YES;
				CLANG_WARN_UNGUARDED_AVAILABILITY = YES_AGGRESSIVE;
				CLANG_WARN_UNREACHABLE_CODE = YES;
				CLANG_WARN__DUPLICATE_METHOD_MATCH = YES;
				COPY_PHASE_STRIP = NO;
				DEBUG_INFORMATION_FORMAT = dwarf;
				ENABLE_STRICT_OBJC_MSGSEND = YES;
				ENABLE_TESTABILITY = YES;
				ENABLE_USER_SCRIPT_SANDBOXING = YES;
				GCC_C_LANGUAGE_STANDARD = gnu17;
				GCC_DYNAMIC_NO_PIC = NO;
				GCC_NO_COMMON_BLOCKS = YES;
				GCC_OPTIMIZATION_LEVEL = 0;
				GCC_PREPROCESSOR_DEFINITIONS = (
					"DEBUG=1",
					"$(inherited)",
				);
				GCC_WARN_64_TO_32_BIT_CONVERSION = YES;
				GCC_WARN_ABOUT_RETURN_TYPE = YES_ERROR;
				GCC_WARN_UNDECLARED_SELECTOR = YES;
				GCC_WARN_UNINITIALIZED_AUTOS = YES_AGGRESSIVE;
				GCC_WARN_UNUSED_FUNCTION = YES;
				GCC_WARN_UNUSED_VARIABLE = YES;
				LOCALIZATION_PREFERS_STRING_CATALOGS = YES;
				MTL_ENABLE_DEBUG_INFO = INCLUDE_SOURCE;
				MTL_FAST_MATH = YES;
				ONLY_ACTIVE_ARCH = YES;
				SWIFT_ACTIVE_COMPILATION_CONDITIONS = "DEBUG $(inherited)";
				SWIFT_OPTIMIZATION_LEVEL = "-Onone";
			};
			name = Debug;
		};
		25E687CF2C68C29400D91658 /* Release */ = {
			isa = XCBuildConfiguration;
			buildSettings = {
				ALWAYS_SEARCH_USER_PATHS = NO;
				ASSETCATALOG_COMPILER_GENERATE_SWIFT_ASSET_SYMBOL_EXTENSIONS = YES;
				CLANG_ANALYZER_NONNULL = YES;
				CLANG_ANALYZER_NUMBER_OBJECT_CONVERSION = YES_AGGRESSIVE;
				CLANG_CXX_LANGUAGE_STANDARD = "gnu++20";
				CLANG_ENABLE_MODULES = YES;
				CLANG_ENABLE_OBJC_ARC = YES;
				CLANG_ENABLE_OBJC_WEAK = YES;
				CLANG_WARN_BLOCK_CAPTURE_AUTORELEASING = YES;
				CLANG_WARN_BOOL_CONVERSION = YES;
				CLANG_WARN_COMMA = YES;
				CLANG_WARN_CONSTANT_CONVERSION = YES;
				CLANG_WARN_DEPRECATED_OBJC_IMPLEMENTATIONS = YES;
				CLANG_WARN_DIRECT_OBJC_ISA_USAGE = YES_ERROR;
				CLANG_WARN_DOCUMENTATION_COMMENTS = YES;
				CLANG_WARN_EMPTY_BODY = YES;
				CLANG_WARN_ENUM_CONVERSION = YES;
				CLANG_WARN_INFINITE_RECURSION = YES;
				CLANG_WARN_INT_CONVERSION = YES;
				CLANG_WARN_NON_LITERAL_NULL_CONVERSION = YES;
				CLANG_WARN_OBJC_IMPLICIT_RETAIN_SELF = YES;
				CLANG_WARN_OBJC_LITERAL_CONVERSION = YES;
				CLANG_WARN_OBJC_ROOT_CLASS = YES_ERROR;
				CLANG_WARN_QUOTED_INCLUDE_IN_FRAMEWORK_HEADER = YES;
				CLANG_WARN_RANGE_LOOP_ANALYSIS = YES;
				CLANG_WARN_STRICT_PROTOTYPES = YES;
				CLANG_WARN_SUSPICIOUS_MOVE = YES;
				CLANG_WARN_UNGUARDED_AVAILABILITY = YES_AGGRESSIVE;
				CLANG_WARN_UNREACHABLE_CODE = YES;
				CLANG_WARN__DUPLICATE_METHOD_MATCH = YES;
				COPY_PHASE_STRIP = NO;
				DEBUG_INFORMATION_FORMAT = "dwarf-with-dsym";
				ENABLE_NS_ASSERTIONS = NO;
				ENABLE_STRICT_OBJC_MSGSEND = YES;
				ENABLE_USER_SCRIPT_SANDBOXING = YES;
				GCC_C_LANGUAGE_STANDARD = gnu17;
				GCC_NO_COMMON_BLOCKS = YES;
				GCC_WARN_64_TO_32_BIT_CONVERSION = YES;
				GCC_WARN_ABOUT_RETURN_TYPE = YES_ERROR;
				GCC_WARN_UNDECLARED_SELECTOR = YES;
				GCC_WARN_UNINITIALIZED_AUTOS = YES_AGGRESSIVE;
				GCC_WARN_UNUSED_FUNCTION = YES;
				GCC_WARN_UNUSED_VARIABLE = YES;
				LOCALIZATION_PREFERS_STRING_CATALOGS = YES;
				MTL_ENABLE_DEBUG_INFO = NO;
				MTL_FAST_MATH = YES;
				SWIFT_COMPILATION_MODE = wholemodule;
			};
			name = Release;
		};
		25E687D12C68C29400D91658 /* Debug */ = {
			isa = XCBuildConfiguration;
			buildSettings = {
				ASSETCATALOG_COMPILER_APPICON_NAME = AppIcon;
				ASSETCATALOG_COMPILER_GLOBAL_ACCENT_COLOR_NAME = AccentColor;
				CODE_SIGN_ENTITLEMENTS = Lso_Client/Lso_Client.entitlements;
				CODE_SIGN_STYLE = Automatic;
				CURRENT_PROJECT_VERSION = 1;
				DEVELOPMENT_ASSET_PATHS = "\"Lso_Client/Preview Content\"";
				DEVELOPMENT_TEAM = 5UR998JK72;
				ENABLE_HARDENED_RUNTIME = YES;
				ENABLE_PREVIEWS = YES;
				GENERATE_INFOPLIST_FILE = YES;
				INFOPLIST_KEY_CFBundleDisplayName = BitBooks;
				"INFOPLIST_KEY_UIApplicationSceneManifest_Generation[sdk=iphoneos*]" = YES;
				"INFOPLIST_KEY_UIApplicationSceneManifest_Generation[sdk=iphonesimulator*]" = YES;
				"INFOPLIST_KEY_UIApplicationSupportsIndirectInputEvents[sdk=iphoneos*]" = YES;
				"INFOPLIST_KEY_UIApplicationSupportsIndirectInputEvents[sdk=iphonesimulator*]" = YES;
				"INFOPLIST_KEY_UILaunchScreen_Generation[sdk=iphoneos*]" = YES;
				"INFOPLIST_KEY_UILaunchScreen_Generation[sdk=iphonesimulator*]" = YES;
				"INFOPLIST_KEY_UIStatusBarStyle[sdk=iphoneos*]" = UIStatusBarStyleDefault;
				"INFOPLIST_KEY_UIStatusBarStyle[sdk=iphonesimulator*]" = UIStatusBarStyleDefault;
				INFOPLIST_KEY_UISupportedInterfaceOrientations_iPad = "UIInterfaceOrientationPortrait UIInterfaceOrientationPortraitUpsideDown UIInterfaceOrientationLandscapeLeft UIInterfaceOrientationLandscapeRight";
				INFOPLIST_KEY_UISupportedInterfaceOrientations_iPhone = "UIInterfaceOrientationPortrait UIInterfaceOrientationLandscapeLeft UIInterfaceOrientationLandscapeRight";
				IPHONEOS_DEPLOYMENT_TARGET = 16.0;
				LD_RUNPATH_SEARCH_PATHS = "@executable_path/Frameworks";
				"LD_RUNPATH_SEARCH_PATHS[sdk=macosx*]" = "@executable_path/../Frameworks";
				MACOSX_DEPLOYMENT_TARGET = 14.5;
				MARKETING_VERSION = 1.0;
				PRODUCT_BUNDLE_IDENTIFIER = "fbarbato.Lso-Client";
				PRODUCT_NAME = "$(TARGET_NAME)";
				SDKROOT = auto;
				SUPPORTED_PLATFORMS = "iphoneos iphonesimulator macosx";
				SWIFT_EMIT_LOC_STRINGS = YES;
				SWIFT_VERSION = 5.0;
				TARGETED_DEVICE_FAMILY = "1,2";
			};
			name = Debug;
		};
		25E687D22C68C29400D91658 /* Release */ = {
			isa = XCBuildConfiguration;
			buildSettings = {
				ASSETCATALOG_COMPILER_APPICON_NAME = AppIcon;
				ASSETCATALOG_COMPILER_GLOBAL_ACCENT_COLOR_NAME = AccentColor;
				CODE_SIGN_ENTITLEMENTS = Lso_Client/Lso_Client.entitlements;
				CODE_SIGN_STYLE = Automatic;
				CURRENT_PROJECT_VERSION = 1;
				DEVELOPMENT_ASSET_PATHS = "\"Lso_Client/Preview Content\"";
				DEVELOPMENT_TEAM = 5UR998JK72;
				ENABLE_HARDENED_RUNTIME = YES;
				ENABLE_PREVIEWS = YES;
				GENERATE_INFOPLIST_FILE = YES;
				INFOPLIST_KEY_CFBundleDisplayName = BitBooks;
				"INFOPLIST_KEY_UIApplicationSceneManifest_Generation[sdk=iphoneos*]" = YES;
				"INFOPLIST_KEY_UIApplicationSceneManifest_Generation[sdk=iphonesimulator*]" = YES;
				"INFOPLIST_KEY_UIApplicationSupportsIndirectInputEvents[sdk=iphoneos*]" = YES;
				"INFOPLIST_KEY_UIApplicationSupportsIndirectInputEvents[sdk=iphonesimulator*]" = YES;
				"INFOPLIST_KEY_UILaunchScreen_Generation[sdk=iphoneos*]" = YES;
				"INFOPLIST_KEY_UILaunchScreen_Generation[sdk=iphonesimulator*]" = YES;
				"INFOPLIST_KEY_UIStatusBarStyle[sdk=iphoneos*]" = UIStatusBarStyleDefault;
				"INFOPLIST_KEY_UIStatusBarStyle[sdk=iphonesimulator*]" = UIStatusBarStyleDefault;
				INFOPLIST_KEY_UISupportedInterfaceOrientations_iPad = "UIInterfaceOrientationPortrait UIInterfaceOrientationPortraitUpsideDown UIInterfaceOrientationLandscapeLeft UIInterfaceOrientationLandscapeRight";
				INFOPLIST_KEY_UISupportedInterfaceOrientations_iPhone = "UIInterfaceOrientationPortrait UIInterfaceOrientationLandscapeLeft UIInterfaceOrientationLandscapeRight";
				IPHONEOS_DEPLOYMENT_TARGET = 16.0;
				LD_RUNPATH_SEARCH_PATHS = "@executable_path/Frameworks";
				"LD_RUNPATH_SEARCH_PATHS[sdk=macosx*]" = "@executable_path/../Frameworks";
				MACOSX_DEPLOYMENT_TARGET = 14.5;
				MARKETING_VERSION = 1.0;
				PRODUCT_BUNDLE_IDENTIFIER = "fbarbato.Lso-Client";
				PRODUCT_NAME = "$(TARGET_NAME)";
				SDKROOT = auto;
				SUPPORTED_PLATFORMS = "iphoneos iphonesimulator macosx";
				SWIFT_EMIT_LOC_STRINGS = YES;
				SWIFT_VERSION = 5.0;
				TARGETED_DEVICE_FAMILY = "1,2";
			};
			name = Release;
		};
/* End XCBuildConfiguration section */

/* Begin XCConfigurationList section */
		25E687BC2C68C28900D91658 /* Build configuration list for PBXProject "Lso_Client" */ = {
			isa = XCConfigurationList;
			buildConfigurations = (
				25E687CE2C68C29400D91658 /* Debug */,
				25E687CF2C68C29400D91658 /* Release */,
			);
			defaultConfigurationIsVisible = 0;
			defaultConfigurationName = Release;
		};
		25E687D02C68C29400D91658 /* Build configuration list for PBXNativeTarget "Lso_Client" */ = {
			isa = XCConfigurationList;
			buildConfigurations = (
				25E687D12C68C29400D91658 /* Debug */,
				25E687D22C68C29400D91658 /* Release */,
			);
			defaultConfigurationIsVisible = 0;
			defaultConfigurationName = Release;
		};
/* End XCConfigurationList section */
	};
	rootObject = 25E687B92C68C28900D91658 /* Project object */;
}
